
Microsoft Visual Studio Solution File, Format Version 12.00
# Visual Studio Version 17
VisualStudioVersion = 17.6.33815.320
MinimumVisualStudioVersion = 10.0.40219.1
Project("{FAE04EC0-301F-11D3-BF4B-00C04F79EFBC}") = "GERADOREVALIDADOR", "GERADOREVALIDADOR\GERADOREVALIDADOR.csproj", "{A553DDF6-4F14-499F-8818-4D448992C2EC}"
EndProject
Global
	GlobalSection(SolutionConfigurationPlatforms) = preSolution
		Debug|Any CPU = Debug|Any CPU
		Release|Any CPU = Release|Any CPU
	EndGlobalSection
	GlobalSection(ProjectConfigurationPlatforms) = postSolution
		{A553DDF6-4F14-499F-8818-4D448992C2EC}.Debug|Any CPU.ActiveCfg = Debug|Any CPU
		{A553DDF6-4F14-499F-8818-4D448992C2EC}.Debug|Any CPU.Build.0 = Debug|Any CPU
		{A553DDF6-4F14-499F-8818-4D448992C2EC}.Release|Any CPU.ActiveCfg = Release|Any CPU
		{A553DDF6-4F14-499F-8818-4D448992C2EC}.Release|Any CPU.Build.0 = Release|Any CPU
	EndGlobalSection
	GlobalSection(SolutionProperties) = preSolution
		HideSolutionNode = FALSE
	EndGlobalSection
	GlobalSection(ExtensibilityGlobals) = postSolution
		SolutionGuid = {96AF7EF2-5A47-4ED6-911C-3F37384E6867}
	EndGlobalSection
EndGlobal
